// !$*UTF8*$!
{
	archiveVersion = 1;
	classes = {
	};
	objectVersion = 46;
	objects = {

/* Begin PBXBuildFile section */
		06EEB1BE16DB3BE9001973E3 /* ZDLoadingView.m in Sources */ = {isa = PBXBuildFile; fileRef = 06EEB1BD16DB3BE9001973E3 /* ZDLoadingView.m */; };
		1CEFFD5416DA655B00CF2512 /* UIKit.framework in Frameworks */ = {isa = PBXBuildFile; fileRef = 1CEFFD5316DA655B00CF2512 /* UIKit.framework */; };
		1CEFFD5616DA655B00CF2512 /* Foundation.framework in Frameworks */ = {isa = PBXBuildFile; fileRef = 1CEFFD5516DA655B00CF2512 /* Foundation.framework */; };
		1CEFFD5816DA655B00CF2512 /* CoreGraphics.framework in Frameworks */ = {isa = PBXBuildFile; fileRef = 1CEFFD5716DA655B00CF2512 /* CoreGraphics.framework */; };
		1CEFFD5E16DA655B00CF2512 /* InfoPlist.strings in Resources */ = {isa = PBXBuildFile; fileRef = 1CEFFD5C16DA655B00CF2512 /* InfoPlist.strings */; };
		1CEFFD6016DA655B00CF2512 /* main.m in Sources */ = {isa = PBXBuildFile; fileRef = 1CEFFD5F16DA655B00CF2512 /* main.m */; };
		1CEFFD6416DA655B00CF2512 /* AppDelegate.m in Sources */ = {isa = PBXBuildFile; fileRef = 1CEFFD6316DA655B00CF2512 /* AppDelegate.m */; };
		1CEFFD6616DA655B00CF2512 /* Default.png in Resources */ = {isa = PBXBuildFile; fileRef = 1CEFFD6516DA655B00CF2512 /* Default.png */; };
		1CEFFD6816DA655B00CF2512 /* Default@2x.png in Resources */ = {isa = PBXBuildFile; fileRef = 1CEFFD6716DA655B00CF2512 /* Default@2x.png */; };
		1CEFFD6A16DA655B00CF2512 /* Default-568h@2x.png in Resources */ = {isa = PBXBuildFile; fileRef = 1CEFFD6916DA655B00CF2512 /* Default-568h@2x.png */; };
		1CEFFD6D16DA655B00CF2512 /* ViewController.m in Sources */ = {isa = PBXBuildFile; fileRef = 1CEFFD6C16DA655B00CF2512 /* ViewController.m */; };
		1CEFFD7016DA655B00CF2512 /* ViewController.xib in Resources */ = {isa = PBXBuildFile; fileRef = 1CEFFD6E16DA655B00CF2512 /* ViewController.xib */; };
		1CEFFD7716DA657500CF2512 /* CoreData.framework in Frameworks */ = {isa = PBXBuildFile; fileRef = 1CEFFD7616DA657500CF2512 /* CoreData.framework */; };
		1CEFFD7D16DA66B100CF2512 /* RecordLogic.m in Sources */ = {isa = PBXBuildFile; fileRef = 1CEFFD7C16DA66B100CF2512 /* RecordLogic.m */; };
		1CEFFD8016DA66EE00CF2512 /* ZDo.xcdatamodeld in Sources */ = {isa = PBXBuildFile; fileRef = 1CEFFD7E16DA66EE00CF2512 /* ZDo.xcdatamodeld */; };
		1CEFFD8316DA674A00CF2512 /* Record.m in Sources */ = {isa = PBXBuildFile; fileRef = 1CEFFD8216DA674A00CF2512 /* Record.m */; };
/* End PBXBuildFile section */

/* Begin PBXFileReference section */
		066426CB16DB62CD003DB1E5 /* ZDo 2.xcdatamodel */ = {isa = PBXFileReference; lastKnownFileType = file; path = "ZDo 2.xcdatamodel"; sourceTree = "<group>"; };
		06EEB1BC16DB3BE9001973E3 /* ZDLoadingView.h */ = {isa = PBXFileReference; fileEncoding = 4; lastKnownFileType = sourcecode.c.h; path = ZDLoadingView.h; sourceTree = "<group>"; };
		06EEB1BD16DB3BE9001973E3 /* ZDLoadingView.m */ = {isa = PBXFileReference; fileEncoding = 4; lastKnownFileType = sourcecode.c.objc; path = ZDLoadingView.m; sourceTree = "<group>"; };
		1CEFFD5016DA655B00CF2512 /* ZDo.app */ = {isa = PBXFileReference; explicitFileType = wrapper.application; includeInIndex = 0; path = ZDo.app; sourceTree = BUILT_PRODUCTS_DIR; };
		1CEFFD5316DA655B00CF2512 /* UIKit.framework */ = {isa = PBXFileReference; lastKnownFileType = wrapper.framework; name = UIKit.framework; path = System/Library/Frameworks/UIKit.framework; sourceTree = SDKROOT; };
		1CEFFD5516DA655B00CF2512 /* Foundation.framework */ = {isa = PBXFileReference; lastKnownFileType = wrapper.framework; name = Foundation.framework; path = System/Library/Frameworks/Foundation.framework; sourceTree = SDKROOT; };
		1CEFFD5716DA655B00CF2512 /* CoreGraphics.framework */ = {isa = PBXFileReference; lastKnownFileType = wrapper.framework; name = CoreGraphics.framework; path = System/Library/Frameworks/CoreGraphics.framework; sourceTree = SDKROOT; };
		1CEFFD5B16DA655B00CF2512 /* ZDo-Info.plist */ = {isa = PBXFileReference; lastKnownFileType = text.plist.xml; path = "ZDo-Info.plist"; sourceTree = "<group>"; };
		1CEFFD5D16DA655B00CF2512 /* en */ = {isa = PBXFileReference; lastKnownFileType = text.plist.strings; name = en; path = en.lproj/InfoPlist.strings; sourceTree = "<group>"; };
		1CEFFD5F16DA655B00CF2512 /* main.m */ = {isa = PBXFileReference; lastKnownFileType = sourcecode.c.objc; path = main.m; sourceTree = "<group>"; };
		1CEFFD6116DA655B00CF2512 /* ZDo-Prefix.pch */ = {isa = PBXFileReference; lastKnownFileType = sourcecode.c.h; path = "ZDo-Prefix.pch"; sourceTree = "<group>"; };
		1CEFFD6216DA655B00CF2512 /* AppDelegate.h */ = {isa = PBXFileReference; lastKnownFileType = sourcecode.c.h; path = AppDelegate.h; sourceTree = "<group>"; };
		1CEFFD6316DA655B00CF2512 /* AppDelegate.m */ = {isa = PBXFileReference; lastKnownFileType = sourcecode.c.objc; path = AppDelegate.m; sourceTree = "<group>"; };
		1CEFFD6516DA655B00CF2512 /* Default.png */ = {isa = PBXFileReference; lastKnownFileType = image.png; path = Default.png; sourceTree = "<group>"; };
		1CEFFD6716DA655B00CF2512 /* Default@2x.png */ = {isa = PBXFileReference; lastKnownFileType = image.png; path = "Default@2x.png"; sourceTree = "<group>"; };
		1CEFFD6916DA655B00CF2512 /* Default-568h@2x.png */ = {isa = PBXFileReference; lastKnownFileType = image.png; path = "Default-568h@2x.png"; sourceTree = "<group>"; };
		1CEFFD6B16DA655B00CF2512 /* ViewController.h */ = {isa = PBXFileReference; lastKnownFileType = sourcecode.c.h; path = ViewController.h; sourceTree = "<group>"; };
		1CEFFD6C16DA655B00CF2512 /* ViewController.m */ = {isa = PBXFileReference; lastKnownFileType = sourcecode.c.objc; path = ViewController.m; sourceTree = "<group>"; };
		1CEFFD6F16DA655B00CF2512 /* en */ = {isa = PBXFileReference; lastKnownFileType = file.xib; name = en; path = en.lproj/ViewController.xib; sourceTree = "<group>"; };
		1CEFFD7616DA657500CF2512 /* CoreData.framework */ = {isa = PBXFileReference; lastKnownFileType = wrapper.framework; name = CoreData.framework; path = System/Library/Frameworks/CoreData.framework; sourceTree = SDKROOT; };
		1CEFFD7B16DA66B100CF2512 /* RecordLogic.h */ = {isa = PBXFileReference; fileEncoding = 4; lastKnownFileType = sourcecode.c.h; path = RecordLogic.h; sourceTree = "<group>"; };
		1CEFFD7C16DA66B100CF2512 /* RecordLogic.m */ = {isa = PBXFileReference; fileEncoding = 4; lastKnownFileType = sourcecode.c.objc; path = RecordLogic.m; sourceTree = "<group>"; };
		1CEFFD7F16DA66EE00CF2512 /* ZDo.xcdatamodel */ = {isa = PBXFileReference; lastKnownFileType = wrapper.xcdatamodel; path = ZDo.xcdatamodel; sourceTree = "<group>"; };
		1CEFFD8116DA674A00CF2512 /* Record.h */ = {isa = PBXFileReference; fileEncoding = 4; lastKnownFileType = sourcecode.c.h; path = Record.h; sourceTree = "<group>"; };
		1CEFFD8216DA674A00CF2512 /* Record.m */ = {isa = PBXFileReference; fileEncoding = 4; lastKnownFileType = sourcecode.c.objc; path = Record.m; sourceTree = "<group>"; };
/* End PBXFileReference section */

/* Begin PBXFrameworksBuildPhase section */
		1CEFFD4D16DA655B00CF2512 /* Frameworks */ = {
			isa = PBXFrameworksBuildPhase;
			buildActionMask = 2147483647;
			files = (
				1CEFFD7716DA657500CF2512 /* CoreData.framework in Frameworks */,
				1CEFFD5416DA655B00CF2512 /* UIKit.framework in Frameworks */,
				1CEFFD5616DA655B00CF2512 /* Foundation.framework in Frameworks */,
				1CEFFD5816DA655B00CF2512 /* CoreGraphics.framework in Frameworks */,
			);
			runOnlyForDeploymentPostprocessing = 0;
		};
/* End PBXFrameworksBuildPhase section */

/* Begin PBXGroup section */
		06EEB1BB16DB3B84001973E3 /* Views */ = {
			isa = PBXGroup;
			children = (
				06EEB1BC16DB3BE9001973E3 /* ZDLoadingView.h */,
				06EEB1BD16DB3BE9001973E3 /* ZDLoadingView.m */,
			);
			name = Views;
			sourceTree = "<group>";
		};
		1CEFFD4716DA655B00CF2512 = {
			isa = PBXGroup;
			children = (
				1CEFFD5916DA655B00CF2512 /* ZDo */,
				1CEFFD5216DA655B00CF2512 /* Frameworks */,
				1CEFFD5116DA655B00CF2512 /* Products */,
			);
			sourceTree = "<group>";
		};
		1CEFFD5116DA655B00CF2512 /* Products */ = {
			isa = PBXGroup;
			children = (
				1CEFFD5016DA655B00CF2512 /* ZDo.app */,
			);
			name = Products;
			sourceTree = "<group>";
		};
		1CEFFD5216DA655B00CF2512 /* Frameworks */ = {
			isa = PBXGroup;
			children = (
				1CEFFD7616DA657500CF2512 /* CoreData.framework */,
				1CEFFD5316DA655B00CF2512 /* UIKit.framework */,
				1CEFFD5516DA655B00CF2512 /* Foundation.framework */,
				1CEFFD5716DA655B00CF2512 /* CoreGraphics.framework */,
			);
			name = Frameworks;
			sourceTree = "<group>";
		};
		1CEFFD5916DA655B00CF2512 /* ZDo */ = {
			isa = PBXGroup;
			children = (
				1CEFFD7816DA65A000CF2512 /* Resource */,
				06EEB1BB16DB3B84001973E3 /* Views */,
				1CEFFD7916DA65AC00CF2512 /* Model */,
				1CEFFD7A16DA65D700CF2512 /* Logic */,
				1CEFFD6216DA655B00CF2512 /* AppDelegate.h */,
				1CEFFD6316DA655B00CF2512 /* AppDelegate.m */,
				1CEFFD6B16DA655B00CF2512 /* ViewController.h */,
				1CEFFD6C16DA655B00CF2512 /* ViewController.m */,
				1CEFFD6E16DA655B00CF2512 /* ViewController.xib */,
				1CEFFD5A16DA655B00CF2512 /* Supporting Files */,
			);
			path = ZDo;
			sourceTree = "<group>";
		};
		1CEFFD5A16DA655B00CF2512 /* Supporting Files */ = {
			isa = PBXGroup;
			children = (
				1CEFFD5B16DA655B00CF2512 /* ZDo-Info.plist */,
				1CEFFD5C16DA655B00CF2512 /* InfoPlist.strings */,
				1CEFFD7E16DA66EE00CF2512 /* ZDo.xcdatamodeld */,
				1CEFFD5F16DA655B00CF2512 /* main.m */,
				1CEFFD6116DA655B00CF2512 /* ZDo-Prefix.pch */,
				1CEFFD6516DA655B00CF2512 /* Default.png */,
				1CEFFD6716DA655B00CF2512 /* Default@2x.png */,
				1CEFFD6916DA655B00CF2512 /* Default-568h@2x.png */,
			);
			name = "Supporting Files";
			sourceTree = "<group>";
		};
		1CEFFD7816DA65A000CF2512 /* Resource */ = {
			isa = PBXGroup;
			children = (
			);
			name = Resource;
			sourceTree = "<group>";
		};
		1CEFFD7916DA65AC00CF2512 /* Model */ = {
			isa = PBXGroup;
			children = (
				1CEFFD8116DA674A00CF2512 /* Record.h */,
				1CEFFD8216DA674A00CF2512 /* Record.m */,
			);
			name = Model;
			sourceTree = "<group>";
		};
		1CEFFD7A16DA65D700CF2512 /* Logic */ = {
			isa = PBXGroup;
			children = (
				1CEFFD7B16DA66B100CF2512 /* RecordLogic.h */,
				1CEFFD7C16DA66B100CF2512 /* RecordLogic.m */,
			);
			name = Logic;
			sourceTree = "<group>";
		};
/* End PBXGroup section */

/* Begin PBXNativeTarget section */
		1CEFFD4F16DA655B00CF2512 /* ZDo */ = {
			isa = PBXNativeTarget;
			buildConfigurationList = 1CEFFD7316DA655B00CF2512 /* Build configuration list for PBXNativeTarget "ZDo" */;
			buildPhases = (
				1CEFFD4C16DA655B00CF2512 /* Sources */,
				1CEFFD4D16DA655B00CF2512 /* Frameworks */,
				1CEFFD4E16DA655B00CF2512 /* Resources */,
			);
			buildRules = (
			);
			dependencies = (
			);
			name = ZDo;
			productName = ZDo;
			productReference = 1CEFFD5016DA655B00CF2512 /* ZDo.app */;
			productType = "com.apple.product-type.application";
		};
/* End PBXNativeTarget section */

/* Begin PBXProject section */
		1CEFFD4816DA655B00CF2512 /* Project object */ = {
			isa = PBXProject;
			attributes = {
				LastUpgradeCheck = 0460;
				ORGANIZATIONNAME = "john song";
			};
			buildConfigurationList = 1CEFFD4B16DA655B00CF2512 /* Build configuration list for PBXProject "ZDo" */;
			compatibilityVersion = "Xcode 3.2";
			developmentRegion = English;
			hasScannedForEncodings = 0;
			knownRegions = (
				en,
			);
			mainGroup = 1CEFFD4716DA655B00CF2512;
			productRefGroup = 1CEFFD5116DA655B00CF2512 /* Products */;
			projectDirPath = "";
			projectRoot = "";
			targets = (
				1CEFFD4F16DA655B00CF2512 /* ZDo */,
			);
		};
/* End PBXProject section */

/* Begin PBXResourcesBuildPhase section */
		1CEFFD4E16DA655B00CF2512 /* Resources */ = {
			isa = PBXResourcesBuildPhase;
			buildActionMask = 2147483647;
			files = (
				1CEFFD5E16DA655B00CF2512 /* InfoPlist.strings in Resources */,
				1CEFFD6616DA655B00CF2512 /* Default.png in Resources */,
				1CEFFD6816DA655B00CF2512 /* Default@2x.png in Resources */,
				1CEFFD6A16DA655B00CF2512 /* Default-568h@2x.png in Resources */,
				1CEFFD7016DA655B00CF2512 /* ViewController.xib in Resources */,
			);
			runOnlyForDeploymentPostprocessing = 0;
		};
/* End PBXResourcesBuildPhase section */

/* Begin PBXSourcesBuildPhase section */
		1CEFFD4C16DA655B00CF2512 /* Sources */ = {
			isa = PBXSourcesBuildPhase;
			buildActionMask = 2147483647;
			files = (
				1CEFFD6016DA655B00CF2512 /* main.m in Sources */,
				1CEFFD6416DA655B00CF2512 /* AppDelegate.m in Sources */,
				1CEFFD6D16DA655B00CF2512 /* ViewController.m in Sources */,
				1CEFFD7D16DA66B100CF2512 /* RecordLogic.m in Sources */,
				1CEFFD8016DA66EE00CF2512 /* ZDo.xcdatamodeld in Sources */,
				1CEFFD8316DA674A00CF2512 /* Record.m in Sources */,
				06EEB1BE16DB3BE9001973E3 /* ZDLoadingView.m in Sources */,
			);
			runOnlyForDeploymentPostprocessing = 0;
		};
/* End PBXSourcesBuildPhase section */

/* Begin PBXVariantGroup section */
		1CEFFD5C16DA655B00CF2512 /* InfoPlist.strings */ = {
			isa = PBXVariantGroup;
			children = (
				1CEFFD5D16DA655B00CF2512 /* en */,
			);
			name = InfoPlist.strings;
			sourceTree = "<group>";
		};
		1CEFFD6E16DA655B00CF2512 /* ViewController.xib */ = {
			isa = PBXVariantGroup;
			children = (
				1CEFFD6F16DA655B00CF2512 /* en */,
			);
			name = ViewController.xib;
			sourceTree = "<group>";
		};
/* End PBXVariantGroup section */

/* Begin XCBuildConfiguration section */
		1CEFFD7116DA655B00CF2512 /* Debug */ = {
			isa = XCBuildConfiguration;
			buildSettings = {
				ALWAYS_SEARCH_USER_PATHS = NO;
				ARCHS = "$(ARCHS_STANDARD_32_BIT)";
				CLANG_CXX_LANGUAGE_STANDARD = "gnu++0x";
				CLANG_CXX_LIBRARY = "libc++";
				CLANG_ENABLE_OBJC_ARC = YES;
				CLANG_WARN_CONSTANT_CONVERSION = YES;
				CLANG_WARN_EMPTY_BODY = YES;
				CLANG_WARN_ENUM_CONVERSION = YES;
				CLANG_WARN_INT_CONVERSION = YES;
				CLANG_WARN__DUPLICATE_METHOD_MATCH = YES;
				"CODE_SIGN_IDENTITY[sdk=iphoneos*]" = "iPhone Developer";
				COPY_PHASE_STRIP = NO;
				GCC_C_LANGUAGE_STANDARD = gnu99;
				GCC_DYNAMIC_NO_PIC = NO;
				GCC_OPTIMIZATION_LEVEL = 0;
				GCC_PREPROCESSOR_DEFINITIONS = (
					"DEBUG=1",
					"$(inherited)",
				);
				GCC_SYMBOLS_PRIVATE_EXTERN = NO;
				GCC_WARN_ABOUT_RETURN_TYPE = YES;
				GCC_WARN_UNINITIALIZED_AUTOS = YES;
				GCC_WARN_UNUSED_VARIABLE = YES;
				IPHONEOS_DEPLOYMENT_TARGET = 6.1;
				ONLY_ACTIVE_ARCH = YES;
				SDKROOT = iphoneos;
			};
			name = Debug;
		};
		1CEFFD7216DA655B00CF2512 /* Release */ = {
			isa = XCBuildConfiguration;
			buildSettings = {
				ALWAYS_SEARCH_USER_PATHS = NO;
				ARCHS = "$(ARCHS_STANDARD_32_BIT)";
				CLANG_CXX_LANGUAGE_STANDARD = "gnu++0x";
				CLANG_CXX_LIBRARY = "libc++";
				CLANG_ENABLE_OBJC_ARC = YES;
				CLANG_WARN_CONSTANT_CONVERSION = YES;
				CLANG_WARN_EMPTY_BODY = YES;
				CLANG_WARN_ENUM_CONVERSION = YES;
				CLANG_WARN_INT_CONVERSION = YES;
				CLANG_WARN__DUPLICATE_METHOD_MATCH = YES;
				"CODE_SIGN_IDENTITY[sdk=iphoneos*]" = "iPhone Developer";
				COPY_PHASE_STRIP = YES;
				GCC_C_LANGUAGE_STANDARD = gnu99;
				GCC_WARN_ABOUT_RETURN_TYPE = YES;
				GCC_WARN_UNINITIALIZED_AUTOS = YES;
				GCC_WARN_UNUSED_VARIABLE = YES;
				IPHONEOS_DEPLOYMENT_TARGET = 6.1;
				OTHER_CFLAGS = "-DNS_BLOCK_ASSERTIONS=1";
				SDKROOT = iphoneos;
				VALIDATE_PRODUCT = YES;
			};
			name = Release;
		};
		1CEFFD7416DA655B00CF2512 /* Debug */ = {
			isa = XCBuildConfiguration;
			buildSettings = {
				GCC_PRECOMPILE_PREFIX_HEADER = YES;
				GCC_PREFIX_HEADER = "ZDo/ZDo-Prefix.pch";
				INFOPLIST_FILE = "ZDo/ZDo-Info.plist";
				IPHONEOS_DEPLOYMENT_TARGET = 6.0;
				PRODUCT_NAME = "$(TARGET_NAME)";
				WRAPPER_EXTENSION = app;
			};
			name = Debug;
		};
		1CEFFD7516DA655B00CF2512 /* Release */ = {
			isa = XCBuildConfiguration;
			buildSettings = {
				GCC_PRECOMPILE_PREFIX_HEADER = YES;
				GCC_PREFIX_HEADER = "ZDo/ZDo-Prefix.pch";
				INFOPLIST_FILE = "ZDo/ZDo-Info.plist";
				IPHONEOS_DEPLOYMENT_TARGET = 6.0;
				PRODUCT_NAME = "$(TARGET_NAME)";
				WRAPPER_EXTENSION = app;
			};
			name = Release;
		};
/* End XCBuildConfiguration section */

/* Begin XCConfigurationList section */
		1CEFFD4B16DA655B00CF2512 /* Build configuration list for PBXProject "ZDo" */ = {
			isa = XCConfigurationList;
			buildConfigurations = (
				1CEFFD7116DA655B00CF2512 /* Debug */,
				1CEFFD7216DA655B00CF2512 /* Release */,
			);
			defaultConfigurationIsVisible = 0;
			defaultConfigurationName = Release;
		};
		1CEFFD7316DA655B00CF2512 /* Build configuration list for PBXNativeTarget "ZDo" */ = {
			isa = XCConfigurationList;
			buildConfigurations = (
				1CEFFD7416DA655B00CF2512 /* Debug */,
				1CEFFD7516DA655B00CF2512 /* Release */,
			);
			defaultConfigurationIsVisible = 0;
			defaultConfigurationName = Release;
		};
/* End XCConfigurationList section */

/* Begin XCVersionGroup section */
		1CEFFD7E16DA66EE00CF2512 /* ZDo.xcdatamodeld */ = {
			isa = XCVersionGroup;
			children = (
				066426CB16DB62CD003DB1E5 /* ZDo 2.xcdatamodel */,
				1CEFFD7F16DA66EE00CF2512 /* ZDo.xcdatamodel */,
			);
			currentVersion = 066426CB16DB62CD003DB1E5 /* ZDo 2.xcdatamodel */;
			path = ZDo.xcdatamodeld;
			sourceTree = "<group>";
			versionGroupType = wrapper.xcdatamodel;
		};
/* End XCVersionGroup section */
	};
	rootObject = 1CEFFD4816DA655B00CF2512 /* Project object */;
}
